
Microsoft Visual Studio Solution File, Format Version 12.00
# Visual Studio Version 17
VisualStudioVersion = 17.12.35527.113
MinimumVisualStudioVersion = 10.0.40219.1
Project("{FAE04EC0-301F-11D3-BF4B-00C04F79EFBC}") = "Coding Tracker", "CodingTracker.Yangzhuo-May\Coding Tracker.csproj", "{FF9B372C-0A11-4360-B4F0-27F4A9E0CCE9}"
EndProject
Project("{FAE04EC0-301F-11D3-BF4B-00C04F79EFBC}") = "CodingTracker.Tests", "CodingTracker.Tests\CodingTracker.Tests.csproj", "{35116FFE-9237-42B9-B3C0-B666009D6929}"
EndProject
Global
	GlobalSection(SolutionConfigurationPlatforms) = preSolution
		Debug|Any CPU = Debug|Any CPU
		Release|Any CPU = Release|Any CPU
	EndGlobalSection
	GlobalSection(ProjectConfigurationPlatforms) = postSolution
		{FF9B372C-0A11-4360-B4F0-27F4A9E0CCE9}.Debug|Any CPU.ActiveCfg = Debug|Any CPU
		{FF9B372C-0A11-4360-B4F0-27F4A9E0CCE9}.Debug|Any CPU.Build.0 = Debug|Any CPU
		{FF9B372C-0A11-4360-B4F0-27F4A9E0CCE9}.Release|Any CPU.ActiveCfg = Release|Any CPU
		{FF9B372C-0A11-4360-B4F0-27F4A9E0CCE9}.Release|Any CPU.Build.0 = Release|Any CPU
		{35116FFE-9237-42B9-B3C0-B666009D6929}.Debug|Any CPU.ActiveCfg = Debug|Any CPU
		{35116FFE-9237-42B9-B3C0-B666009D6929}.Debug|Any CPU.Build.0 = Debug|Any CPU
		{35116FFE-9237-42B9-B3C0-B666009D6929}.Release|Any CPU.ActiveCfg = Release|Any CPU
		{35116FFE-9237-42B9-B3C0-B666009D6929}.Release|Any CPU.Build.0 = Release|Any CPU
	EndGlobalSection
	GlobalSection(SolutionProperties) = preSolution
		HideSolutionNode = FALSE
	EndGlobalSection
EndGlobal
